
Microsoft Visual Studio Solution File, Format Version 12.00
# Visual Studio Version 16
VisualStudioVersion = 16.0.30804.86
MinimumVisualStudioVersion = 10.0.40219.1
Project("{FAE04EC0-301F-11D3-BF4B-00C04F79EFBC}") = "EmployeeManagement.Models", "EmployeeManagement.Models\EmployeeManagement.Models.csproj", "{0F9F374E-3806-4B57-99BA-5CE9C3AADA1A}"
EndProject
Project("{FAE04EC0-301F-11D3-BF4B-00C04F79EFBC}") = "EmployeeManagement.Web", "EmployeeManagement.Web\EmployeeManagement.Web.csproj", "{A1853DC5-B4A9-4612-8C58-EE7FDE07F210}"
EndProject
Global
	GlobalSection(SolutionConfigurationPlatforms) = preSolution
		Debug|Any CPU = Debug|Any CPU
		Release|Any CPU = Release|Any CPU
	EndGlobalSection
	GlobalSection(ProjectConfigurationPlatforms) = postSolution
		{0F9F374E-3806-4B57-99BA-5CE9C3AADA1A}.Debug|Any CPU.ActiveCfg = Debug|Any CPU
		{0F9F374E-3806-4B57-99BA-5CE9C3AADA1A}.Debug|Any CPU.Build.0 = Debug|Any CPU
		{0F9F374E-3806-4B57-99BA-5CE9C3AADA1A}.Release|Any CPU.ActiveCfg = Release|Any CPU
		{0F9F374E-3806-4B57-99BA-5CE9C3AADA1A}.Release|Any CPU.Build.0 = Release|Any CPU
		{A1853DC5-B4A9-4612-8C58-EE7FDE07F210}.Debug|Any CPU.ActiveCfg = Debug|Any CPU
		{A1853DC5-B4A9-4612-8C58-EE7FDE07F210}.Debug|Any CPU.Build.0 = Debug|Any CPU
		{A1853DC5-B4A9-4612-8C58-EE7FDE07F210}.Release|Any CPU.ActiveCfg = Release|Any CPU
		{A1853DC5-B4A9-4612-8C58-EE7FDE07F210}.Release|Any CPU.Build.0 = Release|Any CPU
	EndGlobalSection
	GlobalSection(SolutionProperties) = preSolution
		HideSolutionNode = FALSE
	EndGlobalSection
	GlobalSection(ExtensibilityGlobals) = postSolution
		SolutionGuid = {DC10472B-854D-46E0-9E99-33E676720517}
	EndGlobalSection
EndGlobal
