
Microsoft Visual Studio Solution File, Format Version 12.00
# Visual Studio Version 16
VisualStudioVersion = 16.0.32126.315
MinimumVisualStudioVersion = 10.0.40219.1
Project("{FAE04EC0-301F-11D3-BF4B-00C04F79EFBC}") = "BlazerServer02", "BlazerServer02\BlazerServer02.csproj", "{89836113-ECDB-4CE7-98EB-851BF2F14170}"
EndProject
Global
	GlobalSection(SolutionConfigurationPlatforms) = preSolution
		Debug|Any CPU = Debug|Any CPU
		Release|Any CPU = Release|Any CPU
	EndGlobalSection
	GlobalSection(ProjectConfigurationPlatforms) = postSolution
		{89836113-ECDB-4CE7-98EB-851BF2F14170}.Debug|Any CPU.ActiveCfg = Debug|Any CPU
		{89836113-ECDB-4CE7-98EB-851BF2F14170}.Debug|Any CPU.Build.0 = Debug|Any CPU
		{89836113-ECDB-4CE7-98EB-851BF2F14170}.Release|Any CPU.ActiveCfg = Release|Any CPU
		{89836113-ECDB-4CE7-98EB-851BF2F14170}.Release|Any CPU.Build.0 = Release|Any CPU
	EndGlobalSection
	GlobalSection(SolutionProperties) = preSolution
		HideSolutionNode = FALSE
	EndGlobalSection
	GlobalSection(ExtensibilityGlobals) = postSolution
		SolutionGuid = {88AF2A79-D3A8-4D5E-B38D-910D125F45E3}
	EndGlobalSection
EndGlobal
