
Microsoft Visual Studio Solution File, Format Version 12.00
# Visual Studio Version 16
VisualStudioVersion = 16.0.30611.23
MinimumVisualStudioVersion = 10.0.40219.1
Project("{FAE04EC0-301F-11D3-BF4B-00C04F79EFBC}") = "CosmosDBClient", "CosmosDBClient\CosmosDBClient.csproj", "{3E2A3251-C87D-4C69-B445-552D16B55354}"
EndProject
Global
	GlobalSection(SolutionConfigurationPlatforms) = preSolution
		Debug|Any CPU = Debug|Any CPU
		Release|Any CPU = Release|Any CPU
	EndGlobalSection
	GlobalSection(ProjectConfigurationPlatforms) = postSolution
		{3E2A3251-C87D-4C69-B445-552D16B55354}.Debug|Any CPU.ActiveCfg = Debug|Any CPU
		{3E2A3251-C87D-4C69-B445-552D16B55354}.Debug|Any CPU.Build.0 = Debug|Any CPU
		{3E2A3251-C87D-4C69-B445-552D16B55354}.Release|Any CPU.ActiveCfg = Release|Any CPU
		{3E2A3251-C87D-4C69-B445-552D16B55354}.Release|Any CPU.Build.0 = Release|Any CPU
	EndGlobalSection
	GlobalSection(SolutionProperties) = preSolution
		HideSolutionNode = FALSE
	EndGlobalSection
	GlobalSection(ExtensibilityGlobals) = postSolution
		SolutionGuid = {411A66B6-543D-4883-B98B-8A274F03FC84}
	EndGlobalSection
EndGlobal
